
Microsoft Visual Studio Solution File, Format Version 12.00
# Visual Studio Version 17
VisualStudioVersion = 17.11.35312.102
MinimumVisualStudioVersion = 10.0.40219.1
Project("{FAE04EC0-301F-11D3-BF4B-00C04F79EFBC}") = "11. Bevolkingsgroei", "11. Bevolkingsgroei\11. Bevolkingsgroei.csproj", "{5D8F5E16-03C8-4285-B5E0-F1557D96D687}"
EndProject
Global
	GlobalSection(SolutionConfigurationPlatforms) = preSolution
		Debug|Any CPU = Debug|Any CPU
		Release|Any CPU = Release|Any CPU
	EndGlobalSection
	GlobalSection(ProjectConfigurationPlatforms) = postSolution
		{5D8F5E16-03C8-4285-B5E0-F1557D96D687}.Debug|Any CPU.ActiveCfg = Debug|Any CPU
		{5D8F5E16-03C8-4285-B5E0-F1557D96D687}.Debug|Any CPU.Build.0 = Debug|Any CPU
		{5D8F5E16-03C8-4285-B5E0-F1557D96D687}.Release|Any CPU.ActiveCfg = Release|Any CPU
		{5D8F5E16-03C8-4285-B5E0-F1557D96D687}.Release|Any CPU.Build.0 = Release|Any CPU
	EndGlobalSection
	GlobalSection(SolutionProperties) = preSolution
		HideSolutionNode = FALSE
	EndGlobalSection
	GlobalSection(ExtensibilityGlobals) = postSolution
		SolutionGuid = {A838C35F-4FE4-4A2F-9B56-9C38E0743F61}
	EndGlobalSection
EndGlobal
